
Microsoft Visual Studio Solution File, Format Version 12.00
# Visual Studio Version 17
VisualStudioVersion = 17.4.33213.308
MinimumVisualStudioVersion = 10.0.40219.1
Project("{FAE04EC0-301F-11D3-BF4B-00C04F79EFBC}") = "Profit_Loss", "Stored_Procedures\Profit_Loss.csproj", "{49F0B57F-20DA-4F22-AAB5-F442F2CBD465}"
EndProject
Project("{FAE04EC0-301F-11D3-BF4B-00C04F79EFBC}") = "RaiseComplaint", "ConsoleApp1\RaiseComplaint.csproj", "{991077EE-C2CD-4D1F-8FC8-2EBA6C9ECF83}"
EndProject
Project("{FAE04EC0-301F-11D3-BF4B-00C04F79EFBC}") = "Resolve_Complaint", "Resolve_Complaint\Resolve_Complaint.csproj", "{2306BE0E-FE1C-4BD8-9A9D-D8CCDEE7A27D}"
EndProject
Project("{FAE04EC0-301F-11D3-BF4B-00C04F79EFBC}") = "Monthaly_Collection", "Monthaly_Collection\Monthaly_Collection.csproj", "{2A0D2FE6-31FC-4FBF-8C7D-AEA025AF0AFB}"
EndProject
Project("{FAE04EC0-301F-11D3-BF4B-00C04F79EFBC}") = "Add_product", "Add_product\Add_product.csproj", "{CA734A25-6356-4128-85D0-E04844288BC9}"
EndProject
Project("{FAE04EC0-301F-11D3-BF4B-00C04F79EFBC}") = "Search_product", "Search_product\Search_product.csproj", "{41B87D3A-4B94-4F5D-8BE0-0227A2A40148}"
EndProject
Project("{FAE04EC0-301F-11D3-BF4B-00C04F79EFBC}") = "Modify_Product", "Modify_Product\Modify_Product.csproj", "{68A83EFD-5825-4CDA-960E-A1586703D18D}"
EndProject
Global
	GlobalSection(SolutionConfigurationPlatforms) = preSolution
		Debug|Any CPU = Debug|Any CPU
		Release|Any CPU = Release|Any CPU
	EndGlobalSection
	GlobalSection(ProjectConfigurationPlatforms) = postSolution
		{49F0B57F-20DA-4F22-AAB5-F442F2CBD465}.Debug|Any CPU.ActiveCfg = Debug|Any CPU
		{49F0B57F-20DA-4F22-AAB5-F442F2CBD465}.Debug|Any CPU.Build.0 = Debug|Any CPU
		{49F0B57F-20DA-4F22-AAB5-F442F2CBD465}.Release|Any CPU.ActiveCfg = Release|Any CPU
		{49F0B57F-20DA-4F22-AAB5-F442F2CBD465}.Release|Any CPU.Build.0 = Release|Any CPU
		{991077EE-C2CD-4D1F-8FC8-2EBA6C9ECF83}.Debug|Any CPU.ActiveCfg = Debug|Any CPU
		{991077EE-C2CD-4D1F-8FC8-2EBA6C9ECF83}.Debug|Any CPU.Build.0 = Debug|Any CPU
		{991077EE-C2CD-4D1F-8FC8-2EBA6C9ECF83}.Release|Any CPU.ActiveCfg = Release|Any CPU
		{991077EE-C2CD-4D1F-8FC8-2EBA6C9ECF83}.Release|Any CPU.Build.0 = Release|Any CPU
		{2306BE0E-FE1C-4BD8-9A9D-D8CCDEE7A27D}.Debug|Any CPU.ActiveCfg = Debug|Any CPU
		{2306BE0E-FE1C-4BD8-9A9D-D8CCDEE7A27D}.Debug|Any CPU.Build.0 = Debug|Any CPU
		{2306BE0E-FE1C-4BD8-9A9D-D8CCDEE7A27D}.Release|Any CPU.ActiveCfg = Release|Any CPU
		{2306BE0E-FE1C-4BD8-9A9D-D8CCDEE7A27D}.Release|Any CPU.Build.0 = Release|Any CPU
		{2A0D2FE6-31FC-4FBF-8C7D-AEA025AF0AFB}.Debug|Any CPU.ActiveCfg = Debug|Any CPU
		{2A0D2FE6-31FC-4FBF-8C7D-AEA025AF0AFB}.Debug|Any CPU.Build.0 = Debug|Any CPU
		{2A0D2FE6-31FC-4FBF-8C7D-AEA025AF0AFB}.Release|Any CPU.ActiveCfg = Release|Any CPU
		{2A0D2FE6-31FC-4FBF-8C7D-AEA025AF0AFB}.Release|Any CPU.Build.0 = Release|Any CPU
		{CA734A25-6356-4128-85D0-E04844288BC9}.Debug|Any CPU.ActiveCfg = Debug|Any CPU
		{CA734A25-6356-4128-85D0-E04844288BC9}.Debug|Any CPU.Build.0 = Debug|Any CPU
		{CA734A25-6356-4128-85D0-E04844288BC9}.Release|Any CPU.ActiveCfg = Release|Any CPU
		{CA734A25-6356-4128-85D0-E04844288BC9}.Release|Any CPU.Build.0 = Release|Any CPU
		{41B87D3A-4B94-4F5D-8BE0-0227A2A40148}.Debug|Any CPU.ActiveCfg = Debug|Any CPU
		{41B87D3A-4B94-4F5D-8BE0-0227A2A40148}.Debug|Any CPU.Build.0 = Debug|Any CPU
		{41B87D3A-4B94-4F5D-8BE0-0227A2A40148}.Release|Any CPU.ActiveCfg = Release|Any CPU
		{41B87D3A-4B94-4F5D-8BE0-0227A2A40148}.Release|Any CPU.Build.0 = Release|Any CPU
		{68A83EFD-5825-4CDA-960E-A1586703D18D}.Debug|Any CPU.ActiveCfg = Debug|Any CPU
		{68A83EFD-5825-4CDA-960E-A1586703D18D}.Debug|Any CPU.Build.0 = Debug|Any CPU
		{68A83EFD-5825-4CDA-960E-A1586703D18D}.Release|Any CPU.ActiveCfg = Release|Any CPU
		{68A83EFD-5825-4CDA-960E-A1586703D18D}.Release|Any CPU.Build.0 = Release|Any CPU
	EndGlobalSection
	GlobalSection(SolutionProperties) = preSolution
		HideSolutionNode = FALSE
	EndGlobalSection
	GlobalSection(ExtensibilityGlobals) = postSolution
		SolutionGuid = {48B100C4-FA6F-4FDF-8415-E2440CD3A8A8}
	EndGlobalSection
EndGlobal
